
Microsoft Visual Studio Solution File, Format Version 12.00
# Visual Studio Version 17
VisualStudioVersion = 17.5.002.0
MinimumVisualStudioVersion = 10.0.40219.1
Project("{9A19103F-16F7-4668-BE54-9A1E7A4F7556}") = "Tetris_QMJ", "Tetris_QMJ.csproj", "{74510609-2663-472B-8047-ECEDAD363B7B}"
EndProject
Global
	GlobalSection(SolutionConfigurationPlatforms) = preSolution
		Debug|Any CPU = Debug|Any CPU
		Release|Any CPU = Release|Any CPU
	EndGlobalSection
	GlobalSection(ProjectConfigurationPlatforms) = postSolution
		{74510609-2663-472B-8047-ECEDAD363B7B}.Debug|Any CPU.ActiveCfg = Debug|Any CPU
		{74510609-2663-472B-8047-ECEDAD363B7B}.Debug|Any CPU.Build.0 = Debug|Any CPU
		{74510609-2663-472B-8047-ECEDAD363B7B}.Release|Any CPU.ActiveCfg = Release|Any CPU
		{74510609-2663-472B-8047-ECEDAD363B7B}.Release|Any CPU.Build.0 = Release|Any CPU
	EndGlobalSection
	GlobalSection(SolutionProperties) = preSolution
		HideSolutionNode = FALSE
	EndGlobalSection
	GlobalSection(ExtensibilityGlobals) = postSolution
		SolutionGuid = {49776C22-14E3-4C92-82A7-C4A706E3AE6C}
	EndGlobalSection
EndGlobal
